
Microsoft Visual Studio Solution File, Format Version 12.00
# Visual Studio Version 16
VisualStudioVersion = 16.0.31402.337
MinimumVisualStudioVersion = 10.0.40219.1
Project("{FAE04EC0-301F-11D3-BF4B-00C04F79EFBC}") = "Roommates", "Roommates\Roommates.csproj", "{A1FF8F1A-4651-47EC-B998-28A9F365ADB3}"
EndProject
Global
	GlobalSection(SolutionConfigurationPlatforms) = preSolution
		Debug|Any CPU = Debug|Any CPU
		Release|Any CPU = Release|Any CPU
	EndGlobalSection
	GlobalSection(ProjectConfigurationPlatforms) = postSolution
		{A1FF8F1A-4651-47EC-B998-28A9F365ADB3}.Debug|Any CPU.ActiveCfg = Debug|Any CPU
		{A1FF8F1A-4651-47EC-B998-28A9F365ADB3}.Debug|Any CPU.Build.0 = Debug|Any CPU
		{A1FF8F1A-4651-47EC-B998-28A9F365ADB3}.Release|Any CPU.ActiveCfg = Release|Any CPU
		{A1FF8F1A-4651-47EC-B998-28A9F365ADB3}.Release|Any CPU.Build.0 = Release|Any CPU
	EndGlobalSection
	GlobalSection(SolutionProperties) = preSolution
		HideSolutionNode = FALSE
	EndGlobalSection
	GlobalSection(ExtensibilityGlobals) = postSolution
		SolutionGuid = {7C07D7BC-EB11-44B5-BCF6-ECEDCB0D0A18}
	EndGlobalSection
EndGlobal
